
Microsoft Visual Studio Solution File, Format Version 12.00
# Visual Studio Version 17
VisualStudioVersion = 17.4.33213.308
MinimumVisualStudioVersion = 10.0.40219.1
Project("{FAE04EC0-301F-11D3-BF4B-00C04F79EFBC}") = "[1]", "[1]\[1].csproj", "{15E88738-D3E3-444C-8B6B-DD5CD463EDD6}"
EndProject
Global
	GlobalSection(SolutionConfigurationPlatforms) = preSolution
		Debug|Any CPU = Debug|Any CPU
		Release|Any CPU = Release|Any CPU
	EndGlobalSection
	GlobalSection(ProjectConfigurationPlatforms) = postSolution
		{15E88738-D3E3-444C-8B6B-DD5CD463EDD6}.Debug|Any CPU.ActiveCfg = Debug|Any CPU
		{15E88738-D3E3-444C-8B6B-DD5CD463EDD6}.Debug|Any CPU.Build.0 = Debug|Any CPU
		{15E88738-D3E3-444C-8B6B-DD5CD463EDD6}.Release|Any CPU.ActiveCfg = Release|Any CPU
		{15E88738-D3E3-444C-8B6B-DD5CD463EDD6}.Release|Any CPU.Build.0 = Release|Any CPU
	EndGlobalSection
	GlobalSection(SolutionProperties) = preSolution
		HideSolutionNode = FALSE
	EndGlobalSection
	GlobalSection(ExtensibilityGlobals) = postSolution
		SolutionGuid = {CF7F42A1-6D5E-40A0-83CD-DE106D36752E}
	EndGlobalSection
EndGlobal
